
Microsoft Visual Studio Solution File, Format Version 12.00
# Visual Studio 15
Project("{FAE04EC0-301F-11D3-BF4B-00C04F79EFBC}") = "Assembly-CSharp", "Assembly-CSharp.csproj", "{B0F49E90-273E-0526-99C2-8A716A7D5FE7}"
EndProject
Project("{FAE04EC0-301F-11D3-BF4B-00C04F79EFBC}") = "Oculus.VR", "Oculus.VR.csproj", "{A8C7E10D-7020-80BE-236E-F4F7E6A42EDE}"
EndProject
Project("{FAE04EC0-301F-11D3-BF4B-00C04F79EFBC}") = "Assembly-CSharp-Editor", "Assembly-CSharp-Editor.csproj", "{9BCA853C-5C74-68DE-1518-B12969038053}"
EndProject
Project("{FAE04EC0-301F-11D3-BF4B-00C04F79EFBC}") = "Oculus.VR.Scripts.Editor", "Oculus.VR.Scripts.Editor.csproj", "{64FE9F35-8A78-2815-8CEC-85B4B2F77EBC}"
EndProject
Project("{FAE04EC0-301F-11D3-BF4B-00C04F79EFBC}") = "Oculus.VR.Editor", "Oculus.VR.Editor.csproj", "{21745E12-A1AF-FAEE-C35C-F1EE9C0EF648}"
EndProject
Global
	GlobalSection(SolutionConfigurationPlatforms) = preSolution
		Debug|Any CPU = Debug|Any CPU
		Release|Any CPU = Release|Any CPU
	EndGlobalSection
	GlobalSection(ProjectConfigurationPlatforms) = postSolution
		{B0F49E90-273E-0526-99C2-8A716A7D5FE7}.Debug|Any CPU.ActiveCfg = Debug|Any CPU
		{B0F49E90-273E-0526-99C2-8A716A7D5FE7}.Debug|Any CPU.Build.0 = Debug|Any CPU
		{B0F49E90-273E-0526-99C2-8A716A7D5FE7}.Release|Any CPU.ActiveCfg = Release|Any CPU
		{B0F49E90-273E-0526-99C2-8A716A7D5FE7}.Release|Any CPU.Build.0 = Release|Any CPU
		{A8C7E10D-7020-80BE-236E-F4F7E6A42EDE}.Debug|Any CPU.ActiveCfg = Debug|Any CPU
		{A8C7E10D-7020-80BE-236E-F4F7E6A42EDE}.Debug|Any CPU.Build.0 = Debug|Any CPU
		{A8C7E10D-7020-80BE-236E-F4F7E6A42EDE}.Release|Any CPU.ActiveCfg = Release|Any CPU
		{A8C7E10D-7020-80BE-236E-F4F7E6A42EDE}.Release|Any CPU.Build.0 = Release|Any CPU
		{9BCA853C-5C74-68DE-1518-B12969038053}.Debug|Any CPU.ActiveCfg = Debug|Any CPU
		{9BCA853C-5C74-68DE-1518-B12969038053}.Debug|Any CPU.Build.0 = Debug|Any CPU
		{9BCA853C-5C74-68DE-1518-B12969038053}.Release|Any CPU.ActiveCfg = Release|Any CPU
		{9BCA853C-5C74-68DE-1518-B12969038053}.Release|Any CPU.Build.0 = Release|Any CPU
		{64FE9F35-8A78-2815-8CEC-85B4B2F77EBC}.Debug|Any CPU.ActiveCfg = Debug|Any CPU
		{64FE9F35-8A78-2815-8CEC-85B4B2F77EBC}.Debug|Any CPU.Build.0 = Debug|Any CPU
		{64FE9F35-8A78-2815-8CEC-85B4B2F77EBC}.Release|Any CPU.ActiveCfg = Release|Any CPU
		{64FE9F35-8A78-2815-8CEC-85B4B2F77EBC}.Release|Any CPU.Build.0 = Release|Any CPU
		{21745E12-A1AF-FAEE-C35C-F1EE9C0EF648}.Debug|Any CPU.ActiveCfg = Debug|Any CPU
		{21745E12-A1AF-FAEE-C35C-F1EE9C0EF648}.Debug|Any CPU.Build.0 = Debug|Any CPU
		{21745E12-A1AF-FAEE-C35C-F1EE9C0EF648}.Release|Any CPU.ActiveCfg = Release|Any CPU
		{21745E12-A1AF-FAEE-C35C-F1EE9C0EF648}.Release|Any CPU.Build.0 = Release|Any CPU
	EndGlobalSection
	GlobalSection(SolutionProperties) = preSolution
		HideSolutionNode = FALSE
	EndGlobalSection
EndGlobal
